
Microsoft Visual Studio Solution File, Format Version 12.00
# Visual Studio Version 16
VisualStudioVersion = 16.0.30114.105
MinimumVisualStudioVersion = 10.0.40219.1
Project("{2150E333-8FDC-42A3-9474-1A3956D46DE8}") = "src", "src", "{B4FF668F-CAA1-4C8B-8D9F-BDD98E8049B3}"
EndProject
Project("{FAE04EC0-301F-11D3-BF4B-00C04F79EFBC}") = "ExampleClient", "src\ExampleClient\ExampleClient.csproj", "{FA409008-7DE7-418A-BC08-4F5CF0DE664D}"
EndProject
Global
	GlobalSection(SolutionConfigurationPlatforms) = preSolution
		Debug|Any CPU = Debug|Any CPU
		Release|Any CPU = Release|Any CPU
	EndGlobalSection
	GlobalSection(SolutionProperties) = preSolution
		HideSolutionNode = FALSE
	EndGlobalSection
	GlobalSection(ProjectConfigurationPlatforms) = postSolution
		{FA409008-7DE7-418A-BC08-4F5CF0DE664D}.Debug|Any CPU.ActiveCfg = Debug|Any CPU
		{FA409008-7DE7-418A-BC08-4F5CF0DE664D}.Debug|Any CPU.Build.0 = Debug|Any CPU
		{FA409008-7DE7-418A-BC08-4F5CF0DE664D}.Release|Any CPU.ActiveCfg = Release|Any CPU
		{FA409008-7DE7-418A-BC08-4F5CF0DE664D}.Release|Any CPU.Build.0 = Release|Any CPU
	EndGlobalSection
	GlobalSection(NestedProjects) = preSolution
		{FA409008-7DE7-418A-BC08-4F5CF0DE664D} = {B4FF668F-CAA1-4C8B-8D9F-BDD98E8049B3}
	EndGlobalSection
EndGlobal
